// !$*UTF8*$!
{
	archiveVersion = 1;
	classes = {
	};
	objectVersion = 55;
	objects = {

/* Begin PBXBuildFile section */
		144BCF3827F2006100151064 /* Tests_iOS.swift in Sources */ = {isa = PBXBuildFile; fileRef = 144BCF3727F2006100151064 /* Tests_iOS.swift */; };
		144BCF3A27F2006100151064 /* Tests_iOSLaunchTests.swift in Sources */ = {isa = PBXBuildFile; fileRef = 144BCF3927F2006100151064 /* Tests_iOSLaunchTests.swift */; };
		144BCF4427F2006100151064 /* Tests_macOS.swift in Sources */ = {isa = PBXBuildFile; fileRef = 144BCF4327F2006100151064 /* Tests_macOS.swift */; };
		144BCF4627F2006100151064 /* Tests_macOSLaunchTests.swift in Sources */ = {isa = PBXBuildFile; fileRef = 144BCF4527F2006100151064 /* Tests_macOSLaunchTests.swift */; };
		144BCF4727F2006100151064 /* fulloptionApp.swift in Sources */ = {isa = PBXBuildFile; fileRef = 144BCF1F27F2006100151064 /* fulloptionApp.swift */; };
		144BCF4827F2006100151064 /* fulloptionApp.swift in Sources */ = {isa = PBXBuildFile; fileRef = 144BCF1F27F2006100151064 /* fulloptionApp.swift */; };
		144BCF4927F2006100151064 /* tabBar.swift in Sources */ = {isa = PBXBuildFile; fileRef = 144BCF2027F2006100151064 /* tabBar.swift */; };
		144BCF4A27F2006100151064 /* tabBar.swift in Sources */ = {isa = PBXBuildFile; fileRef = 144BCF2027F2006100151064 /* tabBar.swift */; };
		144BCF4B27F2006100151064 /* Assets.xcassets in Resources */ = {isa = PBXBuildFile; fileRef = 144BCF2127F2006100151064 /* Assets.xcassets */; };
		144BCF4C27F2006100151064 /* Assets.xcassets in Resources */ = {isa = PBXBuildFile; fileRef = 144BCF2127F2006100151064 /* Assets.xcassets */; };
		144BCF6027F202D600151064 /* home.swift in Sources */ = {isa = PBXBuildFile; fileRef = 144BCF5F27F202D600151064 /* home.swift */; };
		144BCF6127F202D600151064 /* home.swift in Sources */ = {isa = PBXBuildFile; fileRef = 144BCF5F27F202D600151064 /* home.swift */; };
		144BCF6327F202E200151064 /* profile.swift in Sources */ = {isa = PBXBuildFile; fileRef = 144BCF6227F202E200151064 /* profile.swift */; };
		144BCF6427F202E200151064 /* profile.swift in Sources */ = {isa = PBXBuildFile; fileRef = 144BCF6227F202E200151064 /* profile.swift */; };
		144BCF6627F202EB00151064 /* fix.swift in Sources */ = {isa = PBXBuildFile; fileRef = 144BCF6527F202EB00151064 /* fix.swift */; };
		144BCF6727F202EB00151064 /* fix.swift in Sources */ = {isa = PBXBuildFile; fileRef = 144BCF6527F202EB00151064 /* fix.swift */; };
		14C8A63A27F360D80098CE0B /* porsche.usdz in Resources */ = {isa = PBXBuildFile; fileRef = 14C8A63927F360D80098CE0B /* porsche.usdz */; };
		14C8A63C27F362040098CE0B /* gallary.swift in Sources */ = {isa = PBXBuildFile; fileRef = 14C8A63B27F362040098CE0B /* gallary.swift */; };
		14C8A63D27F362040098CE0B /* gallary.swift in Sources */ = {isa = PBXBuildFile; fileRef = 14C8A63B27F362040098CE0B /* gallary.swift */; };
/* End PBXBuildFile section */

/* Begin PBXContainerItemProxy section */
		144BCF3427F2006100151064 /* PBXContainerItemProxy */ = {
			isa = PBXContainerItemProxy;
			containerPortal = 144BCF1A27F2006100151064 /* Project object */;
			proxyType = 1;
			remoteGlobalIDString = 144BCF2527F2006100151064;
			remoteInfo = "fulloption (iOS)";
		};
		144BCF4027F2006100151064 /* PBXContainerItemProxy */ = {
			isa = PBXContainerItemProxy;
			containerPortal = 144BCF1A27F2006100151064 /* Project object */;
			proxyType = 1;
			remoteGlobalIDString = 144BCF2B27F2006100151064;
			remoteInfo = "fulloption (macOS)";
		};
/* End PBXContainerItemProxy section */

/* Begin PBXFileReference section */
		144BCF1F27F2006100151064 /* fulloptionApp.swift */ = {isa = PBXFileReference; lastKnownFileType = sourcecode.swift; path = fulloptionApp.swift; sourceTree = "<group>"; };
		144BCF2027F2006100151064 /* tabBar.swift */ = {isa = PBXFileReference; lastKnownFileType = sourcecode.swift; path = tabBar.swift; sourceTree = "<group>"; };
		144BCF2127F2006100151064 /* Assets.xcassets */ = {isa = PBXFileReference; lastKnownFileType = folder.assetcatalog; path = Assets.xcassets; sourceTree = "<group>"; };
		144BCF2627F2006100151064 /* fulloption.app */ = {isa = PBXFileReference; explicitFileType = wrapper.application; includeInIndex = 0; path = fulloption.app; sourceTree = BUILT_PRODUCTS_DIR; };
		144BCF2C27F2006100151064 /* fulloption.app */ = {isa = PBXFileReference; explicitFileType = wrapper.application; includeInIndex = 0; path = fulloption.app; sourceTree = BUILT_PRODUCTS_DIR; };
		144BCF2E27F2006100151064 /* macOS.entitlements */ = {isa = PBXFileReference; lastKnownFileType = text.plist.entitlements; path = macOS.entitlements; sourceTree = "<group>"; };
		144BCF3327F2006100151064 /* Tests iOS.xctest */ = {isa = PBXFileReference; explicitFileType = wrapper.cfbundle; includeInIndex = 0; path = "Tests iOS.xctest"; sourceTree = BUILT_PRODUCTS_DIR; };
		144BCF3727F2006100151064 /* Tests_iOS.swift */ = {isa = PBXFileReference; lastKnownFileType = sourcecode.swift; path = Tests_iOS.swift; sourceTree = "<group>"; };
		144BCF3927F2006100151064 /* Tests_iOSLaunchTests.swift */ = {isa = PBXFileReference; lastKnownFileType = sourcecode.swift; path = Tests_iOSLaunchTests.swift; sourceTree = "<group>"; };
		144BCF3F27F2006100151064 /* Tests macOS.xctest */ = {isa = PBXFileReference; explicitFileType = wrapper.cfbundle; includeInIndex = 0; path = "Tests macOS.xctest"; sourceTree = BUILT_PRODUCTS_DIR; };
		144BCF4327F2006100151064 /* Tests_macOS.swift */ = {isa = PBXFileReference; lastKnownFileType = sourcecode.swift; path = Tests_macOS.swift; sourceTree = "<group>"; };
		144BCF4527F2006100151064 /* Tests_macOSLaunchTests.swift */ = {isa = PBXFileReference; lastKnownFileType = sourcecode.swift; path = Tests_macOSLaunchTests.swift; sourceTree = "<group>"; };
		144BCF5F27F202D600151064 /* home.swift */ = {isa = PBXFileReference; lastKnownFileType = sourcecode.swift; path = home.swift; sourceTree = "<group>"; };
		144BCF6227F202E200151064 /* profile.swift */ = {isa = PBXFileReference; lastKnownFileType = sourcecode.swift; path = profile.swift; sourceTree = "<group>"; };
		144BCF6527F202EB00151064 /* fix.swift */ = {isa = PBXFileReference; lastKnownFileType = sourcecode.swift; path = fix.swift; sourceTree = "<group>"; };
		14C8A63927F360D80098CE0B /* porsche.usdz */ = {isa = PBXFileReference; lastKnownFileType = file.usdz; path = porsche.usdz; sourceTree = "<group>"; };
		14C8A63B27F362040098CE0B /* gallary.swift */ = {isa = PBXFileReference; lastKnownFileType = sourcecode.swift; path = gallary.swift; sourceTree = "<group>"; };
/* End PBXFileReference section */

/* Begin PBXFrameworksBuildPhase section */
		144BCF2327F2006100151064 /* Frameworks */ = {
			isa = PBXFrameworksBuildPhase;
			buildActionMask = 2147483647;
			files = (
			);
			runOnlyForDeploymentPostprocessing = 0;
		};
		144BCF2927F2006100151064 /* Frameworks */ = {
			isa = PBXFrameworksBuildPhase;
			buildActionMask = 2147483647;
			files = (
			);
			runOnlyForDeploymentPostprocessing = 0;
		};
		144BCF3027F2006100151064 /* Frameworks */ = {
			isa = PBXFrameworksBuildPhase;
			buildActionMask = 2147483647;
			files = (
			);
			runOnlyForDeploymentPostprocessing = 0;
		};
		144BCF3C27F2006100151064 /* Frameworks */ = {
			isa = PBXFrameworksBuildPhase;
			buildActionMask = 2147483647;
			files = (
			);
			runOnlyForDeploymentPostprocessing = 0;
		};
/* End PBXFrameworksBuildPhase section */

/* Begin PBXGroup section */
		144BCF1927F2006100151064 = {
			isa = PBXGroup;
			children = (
				144BCF1E27F2006100151064 /* Shared */,
				144BCF2D27F2006100151064 /* macOS */,
				144BCF3627F2006100151064 /* Tests iOS */,
				144BCF4227F2006100151064 /* Tests macOS */,
				144BCF2727F2006100151064 /* Products */,
			);
			sourceTree = "<group>";
		};
		144BCF1E27F2006100151064 /* Shared */ = {
			isa = PBXGroup;
			children = (
				144BCF5C27F200C500151064 /* enviroment */,
				144BCF1F27F2006100151064 /* fulloptionApp.swift */,
				14C8A63B27F362040098CE0B /* gallary.swift */,
				144BCF2027F2006100151064 /* tabBar.swift */,
				144BCF5F27F202D600151064 /* home.swift */,
				144BCF6227F202E200151064 /* profile.swift */,
				144BCF6527F202EB00151064 /* fix.swift */,
				144BCF2127F2006100151064 /* Assets.xcassets */,
			);
			path = Shared;
			sourceTree = "<group>";
		};
		144BCF2727F2006100151064 /* Products */ = {
			isa = PBXGroup;
			children = (
				144BCF2627F2006100151064 /* fulloption.app */,
				144BCF2C27F2006100151064 /* fulloption.app */,
				144BCF3327F2006100151064 /* Tests iOS.xctest */,
				144BCF3F27F2006100151064 /* Tests macOS.xctest */,
			);
			name = Products;
			sourceTree = "<group>";
		};
		144BCF2D27F2006100151064 /* macOS */ = {
			isa = PBXGroup;
			children = (
				144BCF2E27F2006100151064 /* macOS.entitlements */,
			);
			path = macOS;
			sourceTree = "<group>";
		};
		144BCF3627F2006100151064 /* Tests iOS */ = {
			isa = PBXGroup;
			children = (
				144BCF3727F2006100151064 /* Tests_iOS.swift */,
				144BCF3927F2006100151064 /* Tests_iOSLaunchTests.swift */,
			);
			path = "Tests iOS";
			sourceTree = "<group>";
		};
		144BCF4227F2006100151064 /* Tests macOS */ = {
			isa = PBXGroup;
			children = (
				144BCF4327F2006100151064 /* Tests_macOS.swift */,
				144BCF4527F2006100151064 /* Tests_macOSLaunchTests.swift */,
			);
			path = "Tests macOS";
			sourceTree = "<group>";
		};
		144BCF5C27F200C500151064 /* enviroment */ = {
			isa = PBXGroup;
			children = (
				144BCF5E27F2016700151064 /* models */,
				144BCF5D27F2015600151064 /* views */,
			);
			path = enviroment;
			sourceTree = "<group>";
		};
		144BCF5D27F2015600151064 /* views */ = {
			isa = PBXGroup;
			children = (
				14C8A63927F360D80098CE0B /* porsche.usdz */,
			);
			path = views;
			sourceTree = "<group>";
		};
		144BCF5E27F2016700151064 /* models */ = {
			isa = PBXGroup;
			children = (
			);
			path = models;
			sourceTree = "<group>";
		};
/* End PBXGroup section */

/* Begin PBXNativeTarget section */
		144BCF2527F2006100151064 /* fulloption (iOS) */ = {
			isa = PBXNativeTarget;
			buildConfigurationList = 144BCF4F27F2006100151064 /* Build configuration list for PBXNativeTarget "fulloption (iOS)" */;
			buildPhases = (
				144BCF2227F2006100151064 /* Sources */,
				144BCF2327F2006100151064 /* Frameworks */,
				144BCF2427F2006100151064 /* Resources */,
			);
			buildRules = (
			);
			dependencies = (
			);
			name = "fulloption (iOS)";
			productName = "fulloption (iOS)";
			productReference = 144BCF2627F2006100151064 /* fulloption.app */;
			productType = "com.apple.product-type.application";
		};
		144BCF2B27F2006100151064 /* fulloption (macOS) */ = {
			isa = PBXNativeTarget;
			buildConfigurationList = 144BCF5227F2006100151064 /* Build configuration list for PBXNativeTarget "fulloption (macOS)" */;
			buildPhases = (
				144BCF2827F2006100151064 /* Sources */,
				144BCF2927F2006100151064 /* Frameworks */,
				144BCF2A27F2006100151064 /* Resources */,
			);
			buildRules = (
			);
			dependencies = (
			);
			name = "fulloption (macOS)";
			productName = "fulloption (macOS)";
			productReference = 144BCF2C27F2006100151064 /* fulloption.app */;
			productType = "com.apple.product-type.application";
		};
		144BCF3227F2006100151064 /* Tests iOS */ = {
			isa = PBXNativeTarget;
			buildConfigurationList = 144BCF5527F2006100151064 /* Build configuration list for PBXNativeTarget "Tests iOS" */;
			buildPhases = (
				144BCF2F27F2006100151064 /* Sources */,
				144BCF3027F2006100151064 /* Frameworks */,
				144BCF3127F2006100151064 /* Resources */,
			);
			buildRules = (
			);
			dependencies = (
				144BCF3527F2006100151064 /* PBXTargetDependency */,
			);
			name = "Tests iOS";
			productName = "Tests iOS";
			productReference = 144BCF3327F2006100151064 /* Tests iOS.xctest */;
			productType = "com.apple.product-type.bundle.ui-testing";
		};
		144BCF3E27F2006100151064 /* Tests macOS */ = {
			isa = PBXNativeTarget;
			buildConfigurationList = 144BCF5827F2006100151064 /* Build configuration list for PBXNativeTarget "Tests macOS" */;
			buildPhases = (
				144BCF3B27F2006100151064 /* Sources */,
				144BCF3C27F2006100151064 /* Frameworks */,
				144BCF3D27F2006100151064 /* Resources */,
			);
			buildRules = (
			);
			dependencies = (
				144BCF4127F2006100151064 /* PBXTargetDependency */,
			);
			name = "Tests macOS";
			productName = "Tests macOS";
			productReference = 144BCF3F27F2006100151064 /* Tests macOS.xctest */;
			productType = "com.apple.product-type.bundle.ui-testing";
		};
/* End PBXNativeTarget section */

/* Begin PBXProject section */
		144BCF1A27F2006100151064 /* Project object */ = {
			isa = PBXProject;
			attributes = {
				BuildIndependentTargetsInParallel = 1;
				LastSwiftUpdateCheck = 1320;
				LastUpgradeCheck = 1320;
				TargetAttributes = {
					144BCF2527F2006100151064 = {
						CreatedOnToolsVersion = 13.2.1;
					};
					144BCF2B27F2006100151064 = {
						CreatedOnToolsVersion = 13.2.1;
					};
					144BCF3227F2006100151064 = {
						CreatedOnToolsVersion = 13.2.1;
						TestTargetID = 144BCF2527F2006100151064;
					};
					144BCF3E27F2006100151064 = {
						CreatedOnToolsVersion = 13.2.1;
						TestTargetID = 144BCF2B27F2006100151064;
					};
				};
			};
			buildConfigurationList = 144BCF1D27F2006100151064 /* Build configuration list for PBXProject "fulloption" */;
			compatibilityVersion = "Xcode 13.0";
			developmentRegion = en;
			hasScannedForEncodings = 0;
			knownRegions = (
				en,
				Base,
			);
			mainGroup = 144BCF1927F2006100151064;
			productRefGroup = 144BCF2727F2006100151064 /* Products */;
			projectDirPath = "";
			projectRoot = "";
			targets = (
				144BCF2527F2006100151064 /* fulloption (iOS) */,
				144BCF2B27F2006100151064 /* fulloption (macOS) */,
				144BCF3227F2006100151064 /* Tests iOS */,
				144BCF3E27F2006100151064 /* Tests macOS */,
			);
		};
/* End PBXProject section */

/* Begin PBXResourcesBuildPhase section */
		144BCF2427F2006100151064 /* Resources */ = {
			isa = PBXResourcesBuildPhase;
			buildActionMask = 2147483647;
			files = (
				14C8A63A27F360D80098CE0B /* porsche.usdz in Resources */,
				144BCF4B27F2006100151064 /* Assets.xcassets in Resources */,
			);
			runOnlyForDeploymentPostprocessing = 0;
		};
		144BCF2A27F2006100151064 /* Resources */ = {
			isa = PBXResourcesBuildPhase;
			buildActionMask = 2147483647;
			files = (
				144BCF4C27F2006100151064 /* Assets.xcassets in Resources */,
			);
			runOnlyForDeploymentPostprocessing = 0;
		};
		144BCF3127F2006100151064 /* Resources */ = {
			isa = PBXResourcesBuildPhase;
			buildActionMask = 2147483647;
			files = (
			);
			runOnlyForDeploymentPostprocessing = 0;
		};
		144BCF3D27F2006100151064 /* Resources */ = {
			isa = PBXResourcesBuildPhase;
			buildActionMask = 2147483647;
			files = (
			);
			runOnlyForDeploymentPostprocessing = 0;
		};
/* End PBXResourcesBuildPhase section */

/* Begin PBXSourcesBuildPhase section */
		144BCF2227F2006100151064 /* Sources */ = {
			isa = PBXSourcesBuildPhase;
			buildActionMask = 2147483647;
			files = (
				144BCF6627F202EB00151064 /* fix.swift in Sources */,
				144BCF6027F202D600151064 /* home.swift in Sources */,
				144BCF6327F202E200151064 /* profile.swift in Sources */,
				144BCF4927F2006100151064 /* tabBar.swift in Sources */,
				14C8A63C27F362040098CE0B /* gallary.swift in Sources */,
				144BCF4727F2006100151064 /* fulloptionApp.swift in Sources */,
			);
			runOnlyForDeploymentPostprocessing = 0;
		};
		144BCF2827F2006100151064 /* Sources */ = {
			isa = PBXSourcesBuildPhase;
			buildActionMask = 2147483647;
			files = (
				144BCF6727F202EB00151064 /* fix.swift in Sources */,
				144BCF6127F202D600151064 /* home.swift in Sources */,
				144BCF6427F202E200151064 /* profile.swift in Sources */,
				144BCF4A27F2006100151064 /* tabBar.swift in Sources */,
				14C8A63D27F362040098CE0B /* gallary.swift in Sources */,
				144BCF4827F2006100151064 /* fulloptionApp.swift in Sources */,
			);
			runOnlyForDeploymentPostprocessing = 0;
		};
		144BCF2F27F2006100151064 /* Sources */ = {
			isa = PBXSourcesBuildPhase;
			buildActionMask = 2147483647;
			files = (
				144BCF3A27F2006100151064 /* Tests_iOSLaunchTests.swift in Sources */,
				144BCF3827F2006100151064 /* Tests_iOS.swift in Sources */,
			);
			runOnlyForDeploymentPostprocessing = 0;
		};
		144BCF3B27F2006100151064 /* Sources */ = {
			isa = PBXSourcesBuildPhase;
			buildActionMask = 2147483647;
			files = (
				144BCF4627F2006100151064 /* Tests_macOSLaunchTests.swift in Sources */,
				144BCF4427F2006100151064 /* Tests_macOS.swift in Sources */,
			);
			runOnlyForDeploymentPostprocessing = 0;
		};
/* End PBXSourcesBuildPhase section */

/* Begin PBXTargetDependency section */
		144BCF3527F2006100151064 /* PBXTargetDependency */ = {
			isa = PBXTargetDependency;
			target = 144BCF2527F2006100151064 /* fulloption (iOS) */;
			targetProxy = 144BCF3427F2006100151064 /* PBXContainerItemProxy */;
		};
		144BCF4127F2006100151064 /* PBXTargetDependency */ = {
			isa = PBXTargetDependency;
			target = 144BCF2B27F2006100151064 /* fulloption (macOS) */;
			targetProxy = 144BCF4027F2006100151064 /* PBXContainerItemProxy */;
		};
/* End PBXTargetDependency section */

/* Begin XCBuildConfiguration section */
		144BCF4D27F2006100151064 /* Debug */ = {
			isa = XCBuildConfiguration;
			buildSettings = {
				ALWAYS_SEARCH_USER_PATHS = NO;
				CLANG_ANALYZER_NONNULL = YES;
				CLANG_ANALYZER_NUMBER_OBJECT_CONVERSION = YES_AGGRESSIVE;
				CLANG_CXX_LANGUAGE_STANDARD = "gnu++17";
				CLANG_CXX_LIBRARY = "libc++";
				CLANG_ENABLE_MODULES = YES;
				CLANG_ENABLE_OBJC_ARC = YES;
				CLANG_ENABLE_OBJC_WEAK = YES;
				CLANG_WARN_BLOCK_CAPTURE_AUTORELEASING = YES;
				CLANG_WARN_BOOL_CONVERSION = YES;
				CLANG_WARN_COMMA = YES;
				CLANG_WARN_CONSTANT_CONVERSION = YES;
				CLANG_WARN_DEPRECATED_OBJC_IMPLEMENTATIONS = YES;
				CLANG_WARN_DIRECT_OBJC_ISA_USAGE = YES_ERROR;
				CLANG_WARN_DOCUMENTATION_COMMENTS = YES;
				CLANG_WARN_EMPTY_BODY = YES;
				CLANG_WARN_ENUM_CONVERSION = YES;
				CLANG_WARN_INFINITE_RECURSION = YES;
				CLANG_WARN_INT_CONVERSION = YES;
				CLANG_WARN_NON_LITERAL_NULL_CONVERSION = YES;
				CLANG_WARN_OBJC_IMPLICIT_RETAIN_SELF = YES;
				CLANG_WARN_OBJC_LITERAL_CONVERSION = YES;
				CLANG_WARN_OBJC_ROOT_CLASS = YES_ERROR;
				CLANG_WARN_QUOTED_INCLUDE_IN_FRAMEWORK_HEADER = YES;
				CLANG_WARN_RANGE_LOOP_ANALYSIS = YES;
				CLANG_WARN_STRICT_PROTOTYPES = YES;
				CLANG_WARN_SUSPICIOUS_MOVE = YES;
				CLANG_WARN_UNGUARDED_AVAILABILITY = YES_AGGRESSIVE;
				CLANG_WARN_UNREACHABLE_CODE = YES;
				CLANG_WARN__DUPLICATE_METHOD_MATCH = YES;
				COPY_PHASE_STRIP = NO;
				DEBUG_INFORMATION_FORMAT = dwarf;
				ENABLE_STRICT_OBJC_MSGSEND = YES;
				ENABLE_TESTABILITY = YES;
				GCC_C_LANGUAGE_STANDARD = gnu11;
				GCC_DYNAMIC_NO_PIC = NO;
				GCC_NO_COMMON_BLOCKS = YES;
				GCC_OPTIMIZATION_LEVEL = 0;
				GCC_PREPROCESSOR_DEFINITIONS = (
					"DEBUG=1",
					"$(inherited)",
				);
				GCC_WARN_64_TO_32_BIT_CONVERSION = YES;
				GCC_WARN_ABOUT_RETURN_TYPE = YES_ERROR;
				GCC_WARN_UNDECLARED_SELECTOR = YES;
				GCC_WARN_UNINITIALIZED_AUTOS = YES_AGGRESSIVE;
				GCC_WARN_UNUSED_FUNCTION = YES;
				GCC_WARN_UNUSED_VARIABLE = YES;
				MTL_ENABLE_DEBUG_INFO = INCLUDE_SOURCE;
				MTL_FAST_MATH = YES;
				ONLY_ACTIVE_ARCH = YES;
				SWIFT_ACTIVE_COMPILATION_CONDITIONS = DEBUG;
				SWIFT_OPTIMIZATION_LEVEL = "-Onone";
			};
			name = Debug;
		};
		144BCF4E27F2006100151064 /* Release */ = {
			isa = XCBuildConfiguration;
			buildSettings = {
				ALWAYS_SEARCH_USER_PATHS = NO;
				CLANG_ANALYZER_NONNULL = YES;
				CLANG_ANALYZER_NUMBER_OBJECT_CONVERSION = YES_AGGRESSIVE;
				CLANG_CXX_LANGUAGE_STANDARD = "gnu++17";
				CLANG_CXX_LIBRARY = "libc++";
				CLANG_ENABLE_MODULES = YES;
				CLANG_ENABLE_OBJC_ARC = YES;
				CLANG_ENABLE_OBJC_WEAK = YES;
				CLANG_WARN_BLOCK_CAPTURE_AUTORELEASING = YES;
				CLANG_WARN_BOOL_CONVERSION = YES;
				CLANG_WARN_COMMA = YES;
				CLANG_WARN_CONSTANT_CONVERSION = YES;
				CLANG_WARN_DEPRECATED_OBJC_IMPLEMENTATIONS = YES;
				CLANG_WARN_DIRECT_OBJC_ISA_USAGE = YES_ERROR;
				CLANG_WARN_DOCUMENTATION_COMMENTS = YES;
				CLANG_WARN_EMPTY_BODY = YES;
				CLANG_WARN_ENUM_CONVERSION = YES;
				CLANG_WARN_INFINITE_RECURSION = YES;
				CLANG_WARN_INT_CONVERSION = YES;
				CLANG_WARN_NON_LITERAL_NULL_CONVERSION = YES;
				CLANG_WARN_OBJC_IMPLICIT_RETAIN_SELF = YES;
				CLANG_WARN_OBJC_LITERAL_CONVERSION = YES;
				CLANG_WARN_OBJC_ROOT_CLASS = YES_ERROR;
				CLANG_WARN_QUOTED_INCLUDE_IN_FRAMEWORK_HEADER = YES;
				CLANG_WARN_RANGE_LOOP_ANALYSIS = YES;
				CLANG_WARN_STRICT_PROTOTYPES = YES;
				CLANG_WARN_SUSPICIOUS_MOVE = YES;
				CLANG_WARN_UNGUARDED_AVAILABILITY = YES_AGGRESSIVE;
				CLANG_WARN_UNREACHABLE_CODE = YES;
				CLANG_WARN__DUPLICATE_METHOD_MATCH = YES;
				COPY_PHASE_STRIP = NO;
				DEBUG_INFORMATION_FORMAT = "dwarf-with-dsym";
				ENABLE_NS_ASSERTIONS = NO;
				ENABLE_STRICT_OBJC_MSGSEND = YES;
				GCC_C_LANGUAGE_STANDARD = gnu11;
				GCC_NO_COMMON_BLOCKS = YES;
				GCC_WARN_64_TO_32_BIT_CONVERSION = YES;
				GCC_WARN_ABOUT_RETURN_TYPE = YES_ERROR;
				GCC_WARN_UNDECLARED_SELECTOR = YES;
				GCC_WARN_UNINITIALIZED_AUTOS = YES_AGGRESSIVE;
				GCC_WARN_UNUSED_FUNCTION = YES;
				GCC_WARN_UNUSED_VARIABLE = YES;
				MTL_ENABLE_DEBUG_INFO = NO;
				MTL_FAST_MATH = YES;
				SWIFT_COMPILATION_MODE = wholemodule;
				SWIFT_OPTIMIZATION_LEVEL = "-O";
			};
			name = Release;
		};
		144BCF5027F2006100151064 /* Debug */ = {
			isa = XCBuildConfiguration;
			buildSettings = {
				ASSETCATALOG_COMPILER_APPICON_NAME = AppIcon;
				ASSETCATALOG_COMPILER_GLOBAL_ACCENT_COLOR_NAME = AccentColor;
				CODE_SIGN_STYLE = Automatic;
				CURRENT_PROJECT_VERSION = 1;
				ENABLE_PREVIEWS = YES;
				GENERATE_INFOPLIST_FILE = YES;
				INFOPLIST_KEY_UIApplicationSceneManifest_Generation = YES;
				INFOPLIST_KEY_UIApplicationSupportsIndirectInputEvents = YES;
				INFOPLIST_KEY_UILaunchScreen_Generation = YES;
				INFOPLIST_KEY_UISupportedInterfaceOrientations_iPad = "UIInterfaceOrientationPortrait UIInterfaceOrientationPortraitUpsideDown UIInterfaceOrientationLandscapeLeft UIInterfaceOrientationLandscapeRight";
				INFOPLIST_KEY_UISupportedInterfaceOrientations_iPhone = "UIInterfaceOrientationPortrait UIInterfaceOrientationLandscapeLeft UIInterfaceOrientationLandscapeRight";
				IPHONEOS_DEPLOYMENT_TARGET = 15.2;
				LD_RUNPATH_SEARCH_PATHS = (
					"$(inherited)",
					"@executable_path/Frameworks",
				);
				MARKETING_VERSION = 1.0;
				PRODUCT_BUNDLE_IDENTIFIER = shaika.fulloption;
				PRODUCT_NAME = fulloption;
				SDKROOT = iphoneos;
				SWIFT_EMIT_LOC_STRINGS = YES;
				SWIFT_VERSION = 5.0;
				TARGETED_DEVICE_FAMILY = "1,2";
			};
			name = Debug;
		};
		144BCF5127F2006100151064 /* Release */ = {
			isa = XCBuildConfiguration;
			buildSettings = {
				ASSETCATALOG_COMPILER_APPICON_NAME = AppIcon;
				ASSETCATALOG_COMPILER_GLOBAL_ACCENT_COLOR_NAME = AccentColor;
				CODE_SIGN_STYLE = Automatic;
				CURRENT_PROJECT_VERSION = 1;
				ENABLE_PREVIEWS = YES;
				GENERATE_INFOPLIST_FILE = YES;
				INFOPLIST_KEY_UIApplicationSceneManifest_Generation = YES;
				INFOPLIST_KEY_UIApplicationSupportsIndirectInputEvents = YES;
				INFOPLIST_KEY_UILaunchScreen_Generation = YES;
				INFOPLIST_KEY_UISupportedInterfaceOrientations_iPad = "UIInterfaceOrientationPortrait UIInterfaceOrientationPortraitUpsideDown UIInterfaceOrientationLandscapeLeft UIInterfaceOrientationLandscapeRight";
				INFOPLIST_KEY_UISupportedInterfaceOrientations_iPhone = "UIInterfaceOrientationPortrait UIInterfaceOrientationLandscapeLeft UIInterfaceOrientationLandscapeRight";
				IPHONEOS_DEPLOYMENT_TARGET = 15.2;
				LD_RUNPATH_SEARCH_PATHS = (
					"$(inherited)",
					"@executable_path/Frameworks",
				);
				MARKETING_VERSION = 1.0;
				PRODUCT_BUNDLE_IDENTIFIER = shaika.fulloption;
				PRODUCT_NAME = fulloption;
				SDKROOT = iphoneos;
				SWIFT_EMIT_LOC_STRINGS = YES;
				SWIFT_VERSION = 5.0;
				TARGETED_DEVICE_FAMILY = "1,2";
				VALIDATE_PRODUCT = YES;
			};
			name = Release;
		};
		144BCF5327F2006100151064 /* Debug */ = {
			isa = XCBuildConfiguration;
			buildSettings = {
				ASSETCATALOG_COMPILER_APPICON_NAME = AppIcon;
				ASSETCATALOG_COMPILER_GLOBAL_ACCENT_COLOR_NAME = AccentColor;
				CODE_SIGN_ENTITLEMENTS = macOS/macOS.entitlements;
				CODE_SIGN_STYLE = Automatic;
				COMBINE_HIDPI_IMAGES = YES;
				CURRENT_PROJECT_VERSION = 1;
				ENABLE_PREVIEWS = YES;
				GENERATE_INFOPLIST_FILE = YES;
				INFOPLIST_KEY_NSHumanReadableCopyright = "";
				LD_RUNPATH_SEARCH_PATHS = (
					"$(inherited)",
					"@executable_path/../Frameworks",
				);
				MACOSX_DEPLOYMENT_TARGET = 12.1;
				MARKETING_VERSION = 1.0;
				PRODUCT_BUNDLE_IDENTIFIER = shaika.fulloption;
				PRODUCT_NAME = fulloption;
				SDKROOT = macosx;
				SWIFT_EMIT_LOC_STRINGS = YES;
				SWIFT_VERSION = 5.0;
			};
			name = Debug;
		};
		144BCF5427F2006100151064 /* Release */ = {
			isa = XCBuildConfiguration;
			buildSettings = {
				ASSETCATALOG_COMPILER_APPICON_NAME = AppIcon;
				ASSETCATALOG_COMPILER_GLOBAL_ACCENT_COLOR_NAME = AccentColor;
				CODE_SIGN_ENTITLEMENTS = macOS/macOS.entitlements;
				CODE_SIGN_STYLE = Automatic;
				COMBINE_HIDPI_IMAGES = YES;
				CURRENT_PROJECT_VERSION = 1;
				ENABLE_PREVIEWS = YES;
				GENERATE_INFOPLIST_FILE = YES;
				INFOPLIST_KEY_NSHumanReadableCopyright = "";
				LD_RUNPATH_SEARCH_PATHS = (
					"$(inherited)",
					"@executable_path/../Frameworks",
				);
				MACOSX_DEPLOYMENT_TARGET = 12.1;
				MARKETING_VERSION = 1.0;
				PRODUCT_BUNDLE_IDENTIFIER = shaika.fulloption;
				PRODUCT_NAME = fulloption;
				SDKROOT = macosx;
				SWIFT_EMIT_LOC_STRINGS = YES;
				SWIFT_VERSION = 5.0;
			};
			name = Release;
		};
		144BCF5627F2006100151064 /* Debug */ = {
			isa = XCBuildConfiguration;
			buildSettings = {
				ALWAYS_EMBED_SWIFT_STANDARD_LIBRARIES = YES;
				CODE_SIGN_STYLE = Automatic;
				CURRENT_PROJECT_VERSION = 1;
				GENERATE_INFOPLIST_FILE = YES;
				IPHONEOS_DEPLOYMENT_TARGET = 15.2;
				MARKETING_VERSION = 1.0;
				PRODUCT_BUNDLE_IDENTIFIER = "shaika.Tests-iOS";
				PRODUCT_NAME = "$(TARGET_NAME)";
				SDKROOT = iphoneos;
				SWIFT_EMIT_LOC_STRINGS = NO;
				SWIFT_VERSION = 5.0;
				TARGETED_DEVICE_FAMILY = "1,2";
				TEST_TARGET_NAME = "fulloption (iOS)";
			};
			name = Debug;
		};
		144BCF5727F2006100151064 /* Release */ = {
			isa = XCBuildConfiguration;
			buildSettings = {
				ALWAYS_EMBED_SWIFT_STANDARD_LIBRARIES = YES;
				CODE_SIGN_STYLE = Automatic;
				CURRENT_PROJECT_VERSION = 1;
				GENERATE_INFOPLIST_FILE = YES;
				IPHONEOS_DEPLOYMENT_TARGET = 15.2;
				MARKETING_VERSION = 1.0;
				PRODUCT_BUNDLE_IDENTIFIER = "shaika.Tests-iOS";
				PRODUCT_NAME = "$(TARGET_NAME)";
				SDKROOT = iphoneos;
				SWIFT_EMIT_LOC_STRINGS = NO;
				SWIFT_VERSION = 5.0;
				TARGETED_DEVICE_FAMILY = "1,2";
				TEST_TARGET_NAME = "fulloption (iOS)";
				VALIDATE_PRODUCT = YES;
			};
			name = Release;
		};
		144BCF5927F2006100151064 /* Debug */ = {
			isa = XCBuildConfiguration;
			buildSettings = {
				ALWAYS_EMBED_SWIFT_STANDARD_LIBRARIES = YES;
				CODE_SIGN_STYLE = Automatic;
				CURRENT_PROJECT_VERSION = 1;
				GENERATE_INFOPLIST_FILE = YES;
				MACOSX_DEPLOYMENT_TARGET = 12.1;
				MARKETING_VERSION = 1.0;
				PRODUCT_BUNDLE_IDENTIFIER = "shaika.Tests-macOS";
				PRODUCT_NAME = "$(TARGET_NAME)";
				SDKROOT = macosx;
				SWIFT_EMIT_LOC_STRINGS = NO;
				SWIFT_VERSION = 5.0;
				TEST_TARGET_NAME = "fulloption (macOS)";
			};
			name = Debug;
		};
		144BCF5A27F2006100151064 /* Release */ = {
			isa = XCBuildConfiguration;
			buildSettings = {
				ALWAYS_EMBED_SWIFT_STANDARD_LIBRARIES = YES;
				CODE_SIGN_STYLE = Automatic;
				CURRENT_PROJECT_VERSION = 1;
				GENERATE_INFOPLIST_FILE = YES;
				MACOSX_DEPLOYMENT_TARGET = 12.1;
				MARKETING_VERSION = 1.0;
				PRODUCT_BUNDLE_IDENTIFIER = "shaika.Tests-macOS";
				PRODUCT_NAME = "$(TARGET_NAME)";
				SDKROOT = macosx;
				SWIFT_EMIT_LOC_STRINGS = NO;
				SWIFT_VERSION = 5.0;
				TEST_TARGET_NAME = "fulloption (macOS)";
			};
			name = Release;
		};
/* End XCBuildConfiguration section */

/* Begin XCConfigurationList section */
		144BCF1D27F2006100151064 /* Build configuration list for PBXProject "fulloption" */ = {
			isa = XCConfigurationList;
			buildConfigurations = (
				144BCF4D27F2006100151064 /* Debug */,
				144BCF4E27F2006100151064 /* Release */,
			);
			defaultConfigurationIsVisible = 0;
			defaultConfigurationName = Release;
		};
		144BCF4F27F2006100151064 /* Build configuration list for PBXNativeTarget "fulloption (iOS)" */ = {
			isa = XCConfigurationList;
			buildConfigurations = (
				144BCF5027F2006100151064 /* Debug */,
				144BCF5127F2006100151064 /* Release */,
			);
			defaultConfigurationIsVisible = 0;
			defaultConfigurationName = Release;
		};
		144BCF5227F2006100151064 /* Build configuration list for PBXNativeTarget "fulloption (macOS)" */ = {
			isa = XCConfigurationList;
			buildConfigurations = (
				144BCF5327F2006100151064 /* Debug */,
				144BCF5427F2006100151064 /* Release */,
			);
			defaultConfigurationIsVisible = 0;
			defaultConfigurationName = Release;
		};
		144BCF5527F2006100151064 /* Build configuration list for PBXNativeTarget "Tests iOS" */ = {
			isa = XCConfigurationList;
			buildConfigurations = (
				144BCF5627F2006100151064 /* Debug */,
				144BCF5727F2006100151064 /* Release */,
			);
			defaultConfigurationIsVisible = 0;
			defaultConfigurationName = Release;
		};
		144BCF5827F2006100151064 /* Build configuration list for PBXNativeTarget "Tests macOS" */ = {
			isa = XCConfigurationList;
			buildConfigurations = (
				144BCF5927F2006100151064 /* Debug */,
				144BCF5A27F2006100151064 /* Release */,
			);
			defaultConfigurationIsVisible = 0;
			defaultConfigurationName = Release;
		};
/* End XCConfigurationList section */
	};
	rootObject = 144BCF1A27F2006100151064 /* Project object */;
}
